
Microsoft Visual Studio Solution File, Format Version 12.00
# Visual Studio Version 17
VisualStudioVersion = 17.3.32922.545
MinimumVisualStudioVersion = 10.0.40219.1
Project("{FAE04EC0-301F-11D3-BF4B-00C04F79EFBC}") = "MqttPublisher", "MqttPublisher\MqttPublisher.csproj", "{7D3073B6-EEA3-41A7-871C-6249F84FDB87}"
EndProject
Project("{FAE04EC0-301F-11D3-BF4B-00C04F79EFBC}") = "MqttPublisher.Tests", "MqttPublisher.Tests\MqttPublisher.Tests.csproj", "{31B2B0EC-A057-49E3-BF32-186B8A6EC560}"
EndProject
Global
	GlobalSection(SolutionConfigurationPlatforms) = preSolution
		Debug|Any CPU = Debug|Any CPU
		Release|Any CPU = Release|Any CPU
	EndGlobalSection
	GlobalSection(ProjectConfigurationPlatforms) = postSolution
		{7D3073B6-EEA3-41A7-871C-6249F84FDB87}.Debug|Any CPU.ActiveCfg = Debug|Any CPU
		{7D3073B6-EEA3-41A7-871C-6249F84FDB87}.Debug|Any CPU.Build.0 = Debug|Any CPU
		{7D3073B6-EEA3-41A7-871C-6249F84FDB87}.Release|Any CPU.ActiveCfg = Release|Any CPU
		{7D3073B6-EEA3-41A7-871C-6249F84FDB87}.Release|Any CPU.Build.0 = Release|Any CPU
		{31B2B0EC-A057-49E3-BF32-186B8A6EC560}.Debug|Any CPU.ActiveCfg = Debug|Any CPU
		{31B2B0EC-A057-49E3-BF32-186B8A6EC560}.Debug|Any CPU.Build.0 = Debug|Any CPU
		{31B2B0EC-A057-49E3-BF32-186B8A6EC560}.Release|Any CPU.ActiveCfg = Release|Any CPU
		{31B2B0EC-A057-49E3-BF32-186B8A6EC560}.Release|Any CPU.Build.0 = Release|Any CPU
	EndGlobalSection
	GlobalSection(SolutionProperties) = preSolution
		HideSolutionNode = FALSE
	EndGlobalSection
	GlobalSection(ExtensibilityGlobals) = postSolution
		SolutionGuid = {FAD82F9D-1E25-480A-954A-EA40523A00BF}
	EndGlobalSection
EndGlobal
